// !$*UTF8*$!
{
	archiveVersion = 1;
	classes = {
	};
	objectVersion = 46;
	objects = {

/* Begin PBXBuildFile section */
		5E29D102627F8CC11BC1F8BD /* Pods_SwiftySoundRecorder_Example.framework in Frameworks */ = {isa = PBXBuildFile; fileRef = 27508E53846E066C2E58DA8D /* Pods_SwiftySoundRecorder_Example.framework */; };
		607FACD61AFB9204008FA782 /* AppDelegate.swift in Sources */ = {isa = PBXBuildFile; fileRef = 607FACD51AFB9204008FA782 /* AppDelegate.swift */; };
		607FACD81AFB9204008FA782 /* ViewController.swift in Sources */ = {isa = PBXBuildFile; fileRef = 607FACD71AFB9204008FA782 /* ViewController.swift */; };
		607FACDB1AFB9204008FA782 /* Main.storyboard in Resources */ = {isa = PBXBuildFile; fileRef = 607FACD91AFB9204008FA782 /* Main.storyboard */; };
		607FACDD1AFB9204008FA782 /* Images.xcassets in Resources */ = {isa = PBXBuildFile; fileRef = 607FACDC1AFB9204008FA782 /* Images.xcassets */; };
		607FACE01AFB9204008FA782 /* LaunchScreen.xib in Resources */ = {isa = PBXBuildFile; fileRef = 607FACDE1AFB9204008FA782 /* LaunchScreen.xib */; };
		607FACEC1AFB9204008FA782 /* Tests.swift in Sources */ = {isa = PBXBuildFile; fileRef = 607FACEB1AFB9204008FA782 /* Tests.swift */; };
		DEA05236690CB2C750903818 /* Pods_SwiftySoundRecorder_Tests.framework in Frameworks */ = {isa = PBXBuildFile; fileRef = 04F9A51A419B3454EB49F7ED /* Pods_SwiftySoundRecorder_Tests.framework */; };
		EB61218B1D63F4BB00B2D191 /* AssetManager.swift in Sources */ = {isa = PBXBuildFile; fileRef = EB61218A1D63F4BB00B2D191 /* AssetManager.swift */; };
		EB6B48A01D60D7C300622AD9 /* FDWaveformViewForked.framework in Frameworks */ = {isa = PBXBuildFile; fileRef = EB6B489F1D60D7C300622AD9 /* FDWaveformViewForked.framework */; };
		EB6B48A21D60D7C900622AD9 /* SCSiriWaveformView.framework in Frameworks */ = {isa = PBXBuildFile; fileRef = EB6B48A11D60D7C900622AD9 /* SCSiriWaveformView.framework */; };
		EB6B48A41D60D7CD00622AD9 /* SwiftySoundRecorder.framework in Frameworks */ = {isa = PBXBuildFile; fileRef = EB6B48A31D60D7CD00622AD9 /* SwiftySoundRecorder.framework */; };
		EB6B48C11D61205C00622AD9 /* ic_av_timer_2x.png in Resources */ = {isa = PBXBuildFile; fileRef = EB6B48A81D61205C00622AD9 /* ic_av_timer_2x.png */; };
		EB6B48C31D61205C00622AD9 /* ic_av_timer.png in Resources */ = {isa = PBXBuildFile; fileRef = EB6B48AA1D61205C00622AD9 /* ic_av_timer.png */; };
		EB6B48C61D61205C00622AD9 /* ic_fiber_manual_record.png in Resources */ = {isa = PBXBuildFile; fileRef = EB6B48AD1D61205C00622AD9 /* ic_fiber_manual_record.png */; };
		EB6B48CC1D61205C00622AD9 /* ic_mic.png in Resources */ = {isa = PBXBuildFile; fileRef = EB6B48B31D61205C00622AD9 /* ic_mic.png */; };
		EB6B48CF1D61205C00622AD9 /* ic_pause.png in Resources */ = {isa = PBXBuildFile; fileRef = EB6B48B61D61205C00622AD9 /* ic_pause.png */; };
		EB6B48D21D61205C00622AD9 /* ic_play_arrow.png in Resources */ = {isa = PBXBuildFile; fileRef = EB6B48B91D61205C00622AD9 /* ic_play_arrow.png */; };
		EB6B48D51D61205C00622AD9 /* ic_stop.png in Resources */ = {isa = PBXBuildFile; fileRef = EB6B48BC1D61205C00622AD9 /* ic_stop.png */; };
		EB6B48D61D61205C00622AD9 /* milkyway.jpg in Resources */ = {isa = PBXBuildFile; fileRef = EB6B48BD1D61205C00622AD9 /* milkyway.jpg */; };
		EB6B48E01D61526300622AD9 /* ic_content_cut.png in Resources */ = {isa = PBXBuildFile; fileRef = EB6B48DD1D61526300622AD9 /* ic_content_cut.png */; };
		EB6B48E61D6152E900622AD9 /* ic_undo.png in Resources */ = {isa = PBXBuildFile; fileRef = EB6B48E31D6152E900622AD9 /* ic_undo.png */; };
		EBDC6A711D5FF36500404F68 /* Source in Resources */ = {isa = PBXBuildFile; fileRef = EBDC6A701D5FF36500404F68 /* Source */; };
		EBDC6A751D5FF5F700404F68 /* Number+String.swift in Sources */ = {isa = PBXBuildFile; fileRef = EBDC6A741D5FF5F700404F68 /* Number+String.swift */; };
		EBDC6A771D5FF78900404F68 /* Configuration.swift in Sources */ = {isa = PBXBuildFile; fileRef = EBDC6A761D5FF78900404F68 /* Configuration.swift */; };
		EBDC6A7B1D5FF98D00404F68 /* SwiftySoundRecorder.swift in Sources */ = {isa = PBXBuildFile; fileRef = EBDC6A7A1D5FF98D00404F68 /* SwiftySoundRecorder.swift */; };
		EBDC6A7D1D5FFDE400404F68 /* milkyway.jpg in Resources */ = {isa = PBXBuildFile; fileRef = EBDC6A7C1D5FFDE400404F68 /* milkyway.jpg */; };
		EBDC6A801D5FFE5D00404F68 /* Cropper.swift in Sources */ = {isa = PBXBuildFile; fileRef = EBDC6A7F1D5FFE5D00404F68 /* Cropper.swift */; };
/* End PBXBuildFile section */

/* Begin PBXContainerItemProxy section */
		607FACE61AFB9204008FA782 /* PBXContainerItemProxy */ = {
			isa = PBXContainerItemProxy;
			containerPortal = 607FACC81AFB9204008FA782 /* Project object */;
			proxyType = 1;
			remoteGlobalIDString = 607FACCF1AFB9204008FA782;
			remoteInfo = SwiftySoundRecorder;
		};
/* End PBXContainerItemProxy section */

/* Begin PBXFileReference section */
		04C1AEE71FC4E91DCDBDCB91 /* LICENSE */ = {isa = PBXFileReference; includeInIndex = 1; lastKnownFileType = text; name = LICENSE; path = ../LICENSE; sourceTree = "<group>"; };
		04F9A51A419B3454EB49F7ED /* Pods_SwiftySoundRecorder_Tests.framework */ = {isa = PBXFileReference; explicitFileType = wrapper.framework; includeInIndex = 0; path = Pods_SwiftySoundRecorder_Tests.framework; sourceTree = BUILT_PRODUCTS_DIR; };
		27508E53846E066C2E58DA8D /* Pods_SwiftySoundRecorder_Example.framework */ = {isa = PBXFileReference; explicitFileType = wrapper.framework; includeInIndex = 0; path = Pods_SwiftySoundRecorder_Example.framework; sourceTree = BUILT_PRODUCTS_DIR; };
		28CC6252ABA240C148B53B43 /* SwiftySoundRecorder.podspec */ = {isa = PBXFileReference; includeInIndex = 1; lastKnownFileType = text; name = SwiftySoundRecorder.podspec; path = ../SwiftySoundRecorder.podspec; sourceTree = "<group>"; };
		3D3AB084FB34475B1BF3E98C /* Pods-SwiftySoundRecorder_Tests.release.xcconfig */ = {isa = PBXFileReference; includeInIndex = 1; lastKnownFileType = text.xcconfig; name = "Pods-SwiftySoundRecorder_Tests.release.xcconfig"; path = "Pods/Target Support Files/Pods-SwiftySoundRecorder_Tests/Pods-SwiftySoundRecorder_Tests.release.xcconfig"; sourceTree = "<group>"; };
		607FACD01AFB9204008FA782 /* SwiftySoundRecorder_Example.app */ = {isa = PBXFileReference; explicitFileType = wrapper.application; includeInIndex = 0; path = SwiftySoundRecorder_Example.app; sourceTree = BUILT_PRODUCTS_DIR; };
		607FACD41AFB9204008FA782 /* Info.plist */ = {isa = PBXFileReference; lastKnownFileType = text.plist.xml; path = Info.plist; sourceTree = "<group>"; };
		607FACD51AFB9204008FA782 /* AppDelegate.swift */ = {isa = PBXFileReference; lastKnownFileType = sourcecode.swift; path = AppDelegate.swift; sourceTree = "<group>"; };
		607FACD71AFB9204008FA782 /* ViewController.swift */ = {isa = PBXFileReference; lastKnownFileType = sourcecode.swift; path = ViewController.swift; sourceTree = "<group>"; };
		607FACDA1AFB9204008FA782 /* Base */ = {isa = PBXFileReference; lastKnownFileType = file.storyboard; name = Base; path = Base.lproj/Main.storyboard; sourceTree = "<group>"; };
		607FACDC1AFB9204008FA782 /* Images.xcassets */ = {isa = PBXFileReference; lastKnownFileType = folder.assetcatalog; path = Images.xcassets; sourceTree = "<group>"; };
		607FACDF1AFB9204008FA782 /* Base */ = {isa = PBXFileReference; lastKnownFileType = file.xib; name = Base; path = Base.lproj/LaunchScreen.xib; sourceTree = "<group>"; };
		607FACE51AFB9204008FA782 /* SwiftySoundRecorder_Tests.xctest */ = {isa = PBXFileReference; explicitFileType = wrapper.cfbundle; includeInIndex = 0; path = SwiftySoundRecorder_Tests.xctest; sourceTree = BUILT_PRODUCTS_DIR; };
		607FACEA1AFB9204008FA782 /* Info.plist */ = {isa = PBXFileReference; lastKnownFileType = text.plist.xml; path = Info.plist; sourceTree = "<group>"; };
		607FACEB1AFB9204008FA782 /* Tests.swift */ = {isa = PBXFileReference; lastKnownFileType = sourcecode.swift; path = Tests.swift; sourceTree = "<group>"; };
		8AFD75A6FAED2BBFE06347E1 /* Pods-SwiftySoundRecorder_Example.debug.xcconfig */ = {isa = PBXFileReference; includeInIndex = 1; lastKnownFileType = text.xcconfig; name = "Pods-SwiftySoundRecorder_Example.debug.xcconfig"; path = "Pods/Target Support Files/Pods-SwiftySoundRecorder_Example/Pods-SwiftySoundRecorder_Example.debug.xcconfig"; sourceTree = "<group>"; };
		ACEE1B1F08B6F782756AF299 /* Pods-SwiftySoundRecorder_Tests.debug.xcconfig */ = {isa = PBXFileReference; includeInIndex = 1; lastKnownFileType = text.xcconfig; name = "Pods-SwiftySoundRecorder_Tests.debug.xcconfig"; path = "Pods/Target Support Files/Pods-SwiftySoundRecorder_Tests/Pods-SwiftySoundRecorder_Tests.debug.xcconfig"; sourceTree = "<group>"; };
		BE09C0D12371A5B70094020C /* README.md */ = {isa = PBXFileReference; includeInIndex = 1; lastKnownFileType = net.daringfireball.markdown; name = README.md; path = ../README.md; sourceTree = "<group>"; };
		C9FEAE327282A3B8E9ADDB82 /* Pods-SwiftySoundRecorder_Example.release.xcconfig */ = {isa = PBXFileReference; includeInIndex = 1; lastKnownFileType = text.xcconfig; name = "Pods-SwiftySoundRecorder_Example.release.xcconfig"; path = "Pods/Target Support Files/Pods-SwiftySoundRecorder_Example/Pods-SwiftySoundRecorder_Example.release.xcconfig"; sourceTree = "<group>"; };
		EB61218A1D63F4BB00B2D191 /* AssetManager.swift */ = {isa = PBXFileReference; fileEncoding = 4; lastKnownFileType = sourcecode.swift; name = AssetManager.swift; path = Source/AssetManager.swift; sourceTree = "<group>"; };
		EB6B489F1D60D7C300622AD9 /* FDWaveformViewForked.framework */ = {isa = PBXFileReference; lastKnownFileType = wrapper.framework; name = FDWaveformViewForked.framework; path = "../../../../../../../Library/Developer/Xcode/DerivedData/SwiftySoundRecorder-girwadnswiaqafgpwuihmyzftlux/Build/Products/Debug-iphonesimulator/FDWaveformViewForked/FDWaveformViewForked.framework"; sourceTree = "<group>"; };
		EB6B48A11D60D7C900622AD9 /* SCSiriWaveformView.framework */ = {isa = PBXFileReference; lastKnownFileType = wrapper.framework; name = SCSiriWaveformView.framework; path = "../../../../../../../Library/Developer/Xcode/DerivedData/SwiftySoundRecorder-girwadnswiaqafgpwuihmyzftlux/Build/Products/Debug-iphonesimulator/SCSiriWaveformView/SCSiriWaveformView.framework"; sourceTree = "<group>"; };
		EB6B48A31D60D7CD00622AD9 /* SwiftySoundRecorder.framework */ = {isa = PBXFileReference; lastKnownFileType = wrapper.framework; name = SwiftySoundRecorder.framework; path = "../../../../../../../Library/Developer/Xcode/DerivedData/SwiftySoundRecorder-girwadnswiaqafgpwuihmyzftlux/Build/Products/Debug-iphonesimulator/SwiftySoundRecorder/SwiftySoundRecorder.framework"; sourceTree = "<group>"; };
		EB6B48A51D60D7D300622AD9 /* SnapKit.framework */ = {isa = PBXFileReference; lastKnownFileType = wrapper.framework; name = SnapKit.framework; path = "../../../../../../../Library/Developer/Xcode/DerivedData/SwiftySoundRecorder-girwadnswiaqafgpwuihmyzftlux/Build/Products/Debug-iphonesimulator/SnapKit/SnapKit.framework"; sourceTree = "<group>"; };
		EB6B48A71D60D81400622AD9 /* SwiftySoundRecorder-Bridging-Header.h */ = {isa = PBXFileReference; lastKnownFileType = sourcecode.c.h; path = "SwiftySoundRecorder-Bridging-Header.h"; sourceTree = "<group>"; };
		EB6B48A81D61205C00622AD9 /* ic_av_timer_2x.png */ = {isa = PBXFileReference; lastKnownFileType = image.png; name = ic_av_timer_2x.png; path = Images/ic_av_timer_2x.png; sourceTree = "<group>"; };
		EB6B48AA1D61205C00622AD9 /* ic_av_timer.png */ = {isa = PBXFileReference; lastKnownFileType = image.png; name = ic_av_timer.png; path = Images/ic_av_timer.png; sourceTree = "<group>"; };
		EB6B48AD1D61205C00622AD9 /* ic_fiber_manual_record.png */ = {isa = PBXFileReference; lastKnownFileType = image.png; name = ic_fiber_manual_record.png; path = Images/ic_fiber_manual_record.png; sourceTree = "<group>"; };
		EB6B48B31D61205C00622AD9 /* ic_mic.png */ = {isa = PBXFileReference; lastKnownFileType = image.png; name = ic_mic.png; path = Images/ic_mic.png; sourceTree = "<group>"; };
		EB6B48B61D61205C00622AD9 /* ic_pause.png */ = {isa = PBXFileReference; lastKnownFileType = image.png; name = ic_pause.png; path = Images/ic_pause.png; sourceTree = "<group>"; };
		EB6B48B91D61205C00622AD9 /* ic_play_arrow.png */ = {isa = PBXFileReference; lastKnownFileType = image.png; name = ic_play_arrow.png; path = Images/ic_play_arrow.png; sourceTree = "<group>"; };
		EB6B48BC1D61205C00622AD9 /* ic_stop.png */ = {isa = PBXFileReference; lastKnownFileType = image.png; name = ic_stop.png; path = Images/ic_stop.png; sourceTree = "<group>"; };
		EB6B48BD1D61205C00622AD9 /* milkyway.jpg */ = {isa = PBXFileReference; lastKnownFileType = image.jpeg; name = milkyway.jpg; path = Images/milkyway.jpg; sourceTree = "<group>"; };
		EB6B48DD1D61526300622AD9 /* ic_content_cut.png */ = {isa = PBXFileReference; lastKnownFileType = image.png; name = ic_content_cut.png; path = Images/ic_content_cut.png; sourceTree = "<group>"; };
		EB6B48E31D6152E900622AD9 /* ic_undo.png */ = {isa = PBXFileReference; lastKnownFileType = image.png; name = ic_undo.png; path = Images/ic_undo.png; sourceTree = "<group>"; };
		EBDC6A6F1D5FF35400404F68 /* Images */ = {isa = PBXFileReference; lastKnownFileType = folder; path = Images; sourceTree = "<group>"; };
		EBDC6A701D5FF36500404F68 /* Source */ = {isa = PBXFileReference; lastKnownFileType = folder; path = Source; sourceTree = "<group>"; };
		EBDC6A741D5FF5F700404F68 /* Number+String.swift */ = {isa = PBXFileReference; fileEncoding = 4; lastKnownFileType = sourcecode.swift; path = "Number+String.swift"; sourceTree = "<group>"; };
		EBDC6A761D5FF78900404F68 /* Configuration.swift */ = {isa = PBXFileReference; fileEncoding = 4; lastKnownFileType = sourcecode.swift; path = Configuration.swift; sourceTree = "<group>"; };
		EBDC6A7A1D5FF98D00404F68 /* SwiftySoundRecorder.swift */ = {isa = PBXFileReference; fileEncoding = 4; lastKnownFileType = sourcecode.swift; name = SwiftySoundRecorder.swift; path = Source/Controller/SwiftySoundRecorder.swift; sourceTree = "<group>"; };
		EBDC6A7C1D5FFDE400404F68 /* milkyway.jpg */ = {isa = PBXFileReference; lastKnownFileType = image.jpeg; name = milkyway.jpg; path = Images/milkyway.jpg; sourceTree = "<group>"; };
		EBDC6A7F1D5FFE5D00404F68 /* Cropper.swift */ = {isa = PBXFileReference; fileEncoding = 4; lastKnownFileType = sourcecode.swift; name = Cropper.swift; path = Source/View/Cropper.swift; sourceTree = "<group>"; };
/* End PBXFileReference section */

/* Begin PBXFrameworksBuildPhase section */
		607FACCD1AFB9204008FA782 /* Frameworks */ = {
			isa = PBXFrameworksBuildPhase;
			buildActionMask = 2147483647;
			files = (
				EB6B48A41D60D7CD00622AD9 /* SwiftySoundRecorder.framework in Frameworks */,
				EB6B48A21D60D7C900622AD9 /* SCSiriWaveformView.framework in Frameworks */,
				EB6B48A01D60D7C300622AD9 /* FDWaveformViewForked.framework in Frameworks */,
				5E29D102627F8CC11BC1F8BD /* Pods_SwiftySoundRecorder_Example.framework in Frameworks */,
			);
			runOnlyForDeploymentPostprocessing = 0;
		};
		607FACE21AFB9204008FA782 /* Frameworks */ = {
			isa = PBXFrameworksBuildPhase;
			buildActionMask = 2147483647;
			files = (
				DEA05236690CB2C750903818 /* Pods_SwiftySoundRecorder_Tests.framework in Frameworks */,
			);
			runOnlyForDeploymentPostprocessing = 0;
		};
/* End PBXFrameworksBuildPhase section */

/* Begin PBXGroup section */
		607FACC71AFB9204008FA782 = {
			isa = PBXGroup;
			children = (
				EB6B48DA1D61206500622AD9 /* icons */,
				EB61218A1D63F4BB00B2D191 /* AssetManager.swift */,
				EB6B48A71D60D81400622AD9 /* SwiftySoundRecorder-Bridging-Header.h */,
				EBDC6A7F1D5FFE5D00404F68 /* Cropper.swift */,
				EBDC6A7C1D5FFDE400404F68 /* milkyway.jpg */,
				EBDC6A7A1D5FF98D00404F68 /* SwiftySoundRecorder.swift */,
				EBDC6A761D5FF78900404F68 /* Configuration.swift */,
				EBDC6A741D5FF5F700404F68 /* Number+String.swift */,
				EBDC6A701D5FF36500404F68 /* Source */,
				EBDC6A6F1D5FF35400404F68 /* Images */,
				607FACF51AFB993E008FA782 /* Podspec Metadata */,
				607FACD21AFB9204008FA782 /* Example for SwiftySoundRecorder */,
				607FACE81AFB9204008FA782 /* Tests */,
				607FACD11AFB9204008FA782 /* Products */,
				C776B2EC13265AD430C9D26B /* Pods */,
				F675EFC9CF1D164DD9EAC443 /* Frameworks */,
			);
			sourceTree = "<group>";
		};
		607FACD11AFB9204008FA782 /* Products */ = {
			isa = PBXGroup;
			children = (
				607FACD01AFB9204008FA782 /* SwiftySoundRecorder_Example.app */,
				607FACE51AFB9204008FA782 /* SwiftySoundRecorder_Tests.xctest */,
			);
			name = Products;
			sourceTree = "<group>";
		};
		607FACD21AFB9204008FA782 /* Example for SwiftySoundRecorder */ = {
			isa = PBXGroup;
			children = (
				607FACD51AFB9204008FA782 /* AppDelegate.swift */,
				607FACD71AFB9204008FA782 /* ViewController.swift */,
				607FACD91AFB9204008FA782 /* Main.storyboard */,
				607FACDC1AFB9204008FA782 /* Images.xcassets */,
				607FACDE1AFB9204008FA782 /* LaunchScreen.xib */,
				607FACD31AFB9204008FA782 /* Supporting Files */,
			);
			name = "Example for SwiftySoundRecorder";
			path = SwiftySoundRecorder;
			sourceTree = "<group>";
		};
		607FACD31AFB9204008FA782 /* Supporting Files */ = {
			isa = PBXGroup;
			children = (
				607FACD41AFB9204008FA782 /* Info.plist */,
			);
			name = "Supporting Files";
			sourceTree = "<group>";
		};
		607FACE81AFB9204008FA782 /* Tests */ = {
			isa = PBXGroup;
			children = (
				607FACEB1AFB9204008FA782 /* Tests.swift */,
				607FACE91AFB9204008FA782 /* Supporting Files */,
			);
			path = Tests;
			sourceTree = "<group>";
		};
		607FACE91AFB9204008FA782 /* Supporting Files */ = {
			isa = PBXGroup;
			children = (
				607FACEA1AFB9204008FA782 /* Info.plist */,
			);
			name = "Supporting Files";
			sourceTree = "<group>";
		};
		607FACF51AFB993E008FA782 /* Podspec Metadata */ = {
			isa = PBXGroup;
			children = (
				28CC6252ABA240C148B53B43 /* SwiftySoundRecorder.podspec */,
				BE09C0D12371A5B70094020C /* README.md */,
				04C1AEE71FC4E91DCDBDCB91 /* LICENSE */,
			);
			name = "Podspec Metadata";
			sourceTree = "<group>";
		};
		C776B2EC13265AD430C9D26B /* Pods */ = {
			isa = PBXGroup;
			children = (
				8AFD75A6FAED2BBFE06347E1 /* Pods-SwiftySoundRecorder_Example.debug.xcconfig */,
				C9FEAE327282A3B8E9ADDB82 /* Pods-SwiftySoundRecorder_Example.release.xcconfig */,
				ACEE1B1F08B6F782756AF299 /* Pods-SwiftySoundRecorder_Tests.debug.xcconfig */,
				3D3AB084FB34475B1BF3E98C /* Pods-SwiftySoundRecorder_Tests.release.xcconfig */,
			);
			name = Pods;
			sourceTree = "<group>";
		};
		EB6B48DA1D61206500622AD9 /* icons */ = {
			isa = PBXGroup;
			children = (
				EB6B48E31D6152E900622AD9 /* ic_undo.png */,
				EB6B48DD1D61526300622AD9 /* ic_content_cut.png */,
				EB6B48A81D61205C00622AD9 /* ic_av_timer_2x.png */,
				EB6B48AA1D61205C00622AD9 /* ic_av_timer.png */,
				EB6B48AD1D61205C00622AD9 /* ic_fiber_manual_record.png */,
				EB6B48B31D61205C00622AD9 /* ic_mic.png */,
				EB6B48B61D61205C00622AD9 /* ic_pause.png */,
				EB6B48B91D61205C00622AD9 /* ic_play_arrow.png */,
				EB6B48BC1D61205C00622AD9 /* ic_stop.png */,
				EB6B48BD1D61205C00622AD9 /* milkyway.jpg */,
			);
			name = icons;
			sourceTree = "<group>";
		};
		F675EFC9CF1D164DD9EAC443 /* Frameworks */ = {
			isa = PBXGroup;
			children = (
				EB6B48A51D60D7D300622AD9 /* SnapKit.framework */,
				EB6B48A31D60D7CD00622AD9 /* SwiftySoundRecorder.framework */,
				EB6B48A11D60D7C900622AD9 /* SCSiriWaveformView.framework */,
				EB6B489F1D60D7C300622AD9 /* FDWaveformViewForked.framework */,
				27508E53846E066C2E58DA8D /* Pods_SwiftySoundRecorder_Example.framework */,
				04F9A51A419B3454EB49F7ED /* Pods_SwiftySoundRecorder_Tests.framework */,
			);
			name = Frameworks;
			sourceTree = "<group>";
		};
/* End PBXGroup section */

/* Begin PBXNativeTarget section */
		607FACCF1AFB9204008FA782 /* SwiftySoundRecorder_Example */ = {
			isa = PBXNativeTarget;
			buildConfigurationList = 607FACEF1AFB9204008FA782 /* Build configuration list for PBXNativeTarget "SwiftySoundRecorder_Example" */;
			buildPhases = (
				FEA9B2D294D02A44D669A9AC /* [CP] Check Pods Manifest.lock */,
				607FACCC1AFB9204008FA782 /* Sources */,
				607FACCD1AFB9204008FA782 /* Frameworks */,
				607FACCE1AFB9204008FA782 /* Resources */,
				EF2758A7F92DD4C670864AA7 /* [CP] Embed Pods Frameworks */,
				7B5E0D2D0CFCBE7DC20CDE61 /* [CP] Copy Pods Resources */,
			);
			buildRules = (
			);
			dependencies = (
			);
			name = SwiftySoundRecorder_Example;
			productName = SwiftySoundRecorder;
			productReference = 607FACD01AFB9204008FA782 /* SwiftySoundRecorder_Example.app */;
			productType = "com.apple.product-type.application";
		};
		607FACE41AFB9204008FA782 /* SwiftySoundRecorder_Tests */ = {
			isa = PBXNativeTarget;
			buildConfigurationList = 607FACF21AFB9204008FA782 /* Build configuration list for PBXNativeTarget "SwiftySoundRecorder_Tests" */;
			buildPhases = (
				40B108DBE031D021F082A63F /* [CP] Check Pods Manifest.lock */,
				607FACE11AFB9204008FA782 /* Sources */,
				607FACE21AFB9204008FA782 /* Frameworks */,
				607FACE31AFB9204008FA782 /* Resources */,
				E525FF14B71A5CDE59FF6AFE /* [CP] Embed Pods Frameworks */,
				E6357273244E2FF678A341E5 /* [CP] Copy Pods Resources */,
			);
			buildRules = (
			);
			dependencies = (
				607FACE71AFB9204008FA782 /* PBXTargetDependency */,
			);
			name = SwiftySoundRecorder_Tests;
			productName = Tests;
			productReference = 607FACE51AFB9204008FA782 /* SwiftySoundRecorder_Tests.xctest */;
			productType = "com.apple.product-type.bundle.unit-test";
		};
/* End PBXNativeTarget section */

/* Begin PBXProject section */
		607FACC81AFB9204008FA782 /* Project object */ = {
			isa = PBXProject;
			attributes = {
				LastSwiftUpdateCheck = 0720;
				LastUpgradeCheck = 0720;
				ORGANIZATIONNAME = CocoaPods;
				TargetAttributes = {
					607FACCF1AFB9204008FA782 = {
						CreatedOnToolsVersion = 6.3.1;
					};
					607FACE41AFB9204008FA782 = {
						CreatedOnToolsVersion = 6.3.1;
						TestTargetID = 607FACCF1AFB9204008FA782;
					};
				};
			};
			buildConfigurationList = 607FACCB1AFB9204008FA782 /* Build configuration list for PBXProject "SwiftySoundRecorder" */;
			compatibilityVersion = "Xcode 3.2";
			developmentRegion = English;
			hasScannedForEncodings = 0;
			knownRegions = (
				en,
				Base,
			);
			mainGroup = 607FACC71AFB9204008FA782;
			productRefGroup = 607FACD11AFB9204008FA782 /* Products */;
			projectDirPath = "";
			projectRoot = "";
			targets = (
				607FACCF1AFB9204008FA782 /* SwiftySoundRecorder_Example */,
				607FACE41AFB9204008FA782 /* SwiftySoundRecorder_Tests */,
			);
		};
/* End PBXProject section */

/* Begin PBXResourcesBuildPhase section */
		607FACCE1AFB9204008FA782 /* Resources */ = {
			isa = PBXResourcesBuildPhase;
			buildActionMask = 2147483647;
			files = (
				EB6B48CF1D61205C00622AD9 /* ic_pause.png in Resources */,
				EB6B48C61D61205C00622AD9 /* ic_fiber_manual_record.png in Resources */,
				607FACDB1AFB9204008FA782 /* Main.storyboard in Resources */,
				EBDC6A7D1D5FFDE400404F68 /* milkyway.jpg in Resources */,
				607FACE01AFB9204008FA782 /* LaunchScreen.xib in Resources */,
				607FACDD1AFB9204008FA782 /* Images.xcassets in Resources */,
				EB6B48C31D61205C00622AD9 /* ic_av_timer.png in Resources */,
				EB6B48E01D61526300622AD9 /* ic_content_cut.png in Resources */,
				EB6B48C11D61205C00622AD9 /* ic_av_timer_2x.png in Resources */,
				EB6B48D51D61205C00622AD9 /* ic_stop.png in Resources */,
				EB6B48D21D61205C00622AD9 /* ic_play_arrow.png in Resources */,
				EB6B48E61D6152E900622AD9 /* ic_undo.png in Resources */,
				EBDC6A711D5FF36500404F68 /* Source in Resources */,
				EB6B48D61D61205C00622AD9 /* milkyway.jpg in Resources */,
				EB6B48CC1D61205C00622AD9 /* ic_mic.png in Resources */,
			);
			runOnlyForDeploymentPostprocessing = 0;
		};
		607FACE31AFB9204008FA782 /* Resources */ = {
			isa = PBXResourcesBuildPhase;
			buildActionMask = 2147483647;
			files = (
			);
			runOnlyForDeploymentPostprocessing = 0;
		};
/* End PBXResourcesBuildPhase section */

/* Begin PBXShellScriptBuildPhase section */
		40B108DBE031D021F082A63F /* [CP] Check Pods Manifest.lock */ = {
			isa = PBXShellScriptBuildPhase;
			buildActionMask = 2147483647;
			files = (
			);
			inputPaths = (
			);
			name = "[CP] Check Pods Manifest.lock";
			outputPaths = (
			);
			runOnlyForDeploymentPostprocessing = 0;
			shellPath = /bin/sh;
			shellScript = "diff \"${PODS_ROOT}/../Podfile.lock\" \"${PODS_ROOT}/Manifest.lock\" > /dev/null\nif [ $? != 0 ] ; then\n    # print error to STDERR\n    echo \"error: The sandbox is not in sync with the Podfile.lock. Run 'pod install' or update your CocoaPods installation.\" >&2\n    exit 1\nfi\n";
			showEnvVarsInLog = 0;
		};
		7B5E0D2D0CFCBE7DC20CDE61 /* [CP] Copy Pods Resources */ = {
			isa = PBXShellScriptBuildPhase;
			buildActionMask = 2147483647;
			files = (
			);
			inputPaths = (
			);
			name = "[CP] Copy Pods Resources";
			outputPaths = (
			);
			runOnlyForDeploymentPostprocessing = 0;
			shellPath = /bin/sh;
			shellScript = "\"${SRCROOT}/Pods/Target Support Files/Pods-SwiftySoundRecorder_Example/Pods-SwiftySoundRecorder_Example-resources.sh\"\n";
			showEnvVarsInLog = 0;
		};
		E525FF14B71A5CDE59FF6AFE /* [CP] Embed Pods Frameworks */ = {
			isa = PBXShellScriptBuildPhase;
			buildActionMask = 2147483647;
			files = (
			);
			inputPaths = (
			);
			name = "[CP] Embed Pods Frameworks";
			outputPaths = (
			);
			runOnlyForDeploymentPostprocessing = 0;
			shellPath = /bin/sh;
			shellScript = "\"${SRCROOT}/Pods/Target Support Files/Pods-SwiftySoundRecorder_Tests/Pods-SwiftySoundRecorder_Tests-frameworks.sh\"\n";
			showEnvVarsInLog = 0;
		};
		E6357273244E2FF678A341E5 /* [CP] Copy Pods Resources */ = {
			isa = PBXShellScriptBuildPhase;
			buildActionMask = 2147483647;
			files = (
			);
			inputPaths = (
			);
			name = "[CP] Copy Pods Resources";
			outputPaths = (
			);
			runOnlyForDeploymentPostprocessing = 0;
			shellPath = /bin/sh;
			shellScript = "\"${SRCROOT}/Pods/Target Support Files/Pods-SwiftySoundRecorder_Tests/Pods-SwiftySoundRecorder_Tests-resources.sh\"\n";
			showEnvVarsInLog = 0;
		};
		EF2758A7F92DD4C670864AA7 /* [CP] Embed Pods Frameworks */ = {
			isa = PBXShellScriptBuildPhase;
			buildActionMask = 2147483647;
			files = (
			);
			inputPaths = (
			);
			name = "[CP] Embed Pods Frameworks";
			outputPaths = (
			);
			runOnlyForDeploymentPostprocessing = 0;
			shellPath = /bin/sh;
			shellScript = "\"${SRCROOT}/Pods/Target Support Files/Pods-SwiftySoundRecorder_Example/Pods-SwiftySoundRecorder_Example-frameworks.sh\"\n";
			showEnvVarsInLog = 0;
		};
		FEA9B2D294D02A44D669A9AC /* [CP] Check Pods Manifest.lock */ = {
			isa = PBXShellScriptBuildPhase;
			buildActionMask = 2147483647;
			files = (
			);
			inputPaths = (
			);
			name = "[CP] Check Pods Manifest.lock";
			outputPaths = (
			);
			runOnlyForDeploymentPostprocessing = 0;
			shellPath = /bin/sh;
			shellScript = "diff \"${PODS_ROOT}/../Podfile.lock\" \"${PODS_ROOT}/Manifest.lock\" > /dev/null\nif [ $? != 0 ] ; then\n    # print error to STDERR\n    echo \"error: The sandbox is not in sync with the Podfile.lock. Run 'pod install' or update your CocoaPods installation.\" >&2\n    exit 1\nfi\n";
			showEnvVarsInLog = 0;
		};
/* End PBXShellScriptBuildPhase section */

/* Begin PBXSourcesBuildPhase section */
		607FACCC1AFB9204008FA782 /* Sources */ = {
			isa = PBXSourcesBuildPhase;
			buildActionMask = 2147483647;
			files = (
				EBDC6A751D5FF5F700404F68 /* Number+String.swift in Sources */,
				EBDC6A801D5FFE5D00404F68 /* Cropper.swift in Sources */,
				EBDC6A7B1D5FF98D00404F68 /* SwiftySoundRecorder.swift in Sources */,
				607FACD81AFB9204008FA782 /* ViewController.swift in Sources */,
				EBDC6A771D5FF78900404F68 /* Configuration.swift in Sources */,
				607FACD61AFB9204008FA782 /* AppDelegate.swift in Sources */,
				EB61218B1D63F4BB00B2D191 /* AssetManager.swift in Sources */,
			);
			runOnlyForDeploymentPostprocessing = 0;
		};
		607FACE11AFB9204008FA782 /* Sources */ = {
			isa = PBXSourcesBuildPhase;
			buildActionMask = 2147483647;
			files = (
				607FACEC1AFB9204008FA782 /* Tests.swift in Sources */,
			);
			runOnlyForDeploymentPostprocessing = 0;
		};
/* End PBXSourcesBuildPhase section */

/* Begin PBXTargetDependency section */
		607FACE71AFB9204008FA782 /* PBXTargetDependency */ = {
			isa = PBXTargetDependency;
			target = 607FACCF1AFB9204008FA782 /* SwiftySoundRecorder_Example */;
			targetProxy = 607FACE61AFB9204008FA782 /* PBXContainerItemProxy */;
		};
/* End PBXTargetDependency section */

/* Begin PBXVariantGroup section */
		607FACD91AFB9204008FA782 /* Main.storyboard */ = {
			isa = PBXVariantGroup;
			children = (
				607FACDA1AFB9204008FA782 /* Base */,
			);
			name = Main.storyboard;
			sourceTree = "<group>";
		};
		607FACDE1AFB9204008FA782 /* LaunchScreen.xib */ = {
			isa = PBXVariantGroup;
			children = (
				607FACDF1AFB9204008FA782 /* Base */,
			);
			name = LaunchScreen.xib;
			sourceTree = "<group>";
		};
/* End PBXVariantGroup section */

/* Begin XCBuildConfiguration section */
		607FACED1AFB9204008FA782 /* Debug */ = {
			isa = XCBuildConfiguration;
			buildSettings = {
				ALWAYS_SEARCH_USER_PATHS = NO;
				CLANG_CXX_LANGUAGE_STANDARD = "gnu++0x";
				CLANG_CXX_LIBRARY = "libc++";
				CLANG_ENABLE_MODULES = YES;
				CLANG_ENABLE_OBJC_ARC = YES;
				CLANG_WARN_BOOL_CONVERSION = YES;
				CLANG_WARN_CONSTANT_CONVERSION = YES;
				CLANG_WARN_DIRECT_OBJC_ISA_USAGE = YES_ERROR;
				CLANG_WARN_EMPTY_BODY = YES;
				CLANG_WARN_ENUM_CONVERSION = YES;
				CLANG_WARN_INT_CONVERSION = YES;
				CLANG_WARN_OBJC_ROOT_CLASS = YES_ERROR;
				CLANG_WARN_UNREACHABLE_CODE = YES;
				CLANG_WARN__DUPLICATE_METHOD_MATCH = YES;
				"CODE_SIGN_IDENTITY[sdk=iphoneos*]" = "iPhone Developer";
				COPY_PHASE_STRIP = NO;
				DEBUG_INFORMATION_FORMAT = "dwarf-with-dsym";
				ENABLE_STRICT_OBJC_MSGSEND = YES;
				ENABLE_TESTABILITY = YES;
				GCC_C_LANGUAGE_STANDARD = gnu99;
				GCC_DYNAMIC_NO_PIC = NO;
				GCC_NO_COMMON_BLOCKS = YES;
				GCC_OPTIMIZATION_LEVEL = 0;
				GCC_PREPROCESSOR_DEFINITIONS = (
					"DEBUG=1",
					"$(inherited)",
				);
				GCC_SYMBOLS_PRIVATE_EXTERN = NO;
				GCC_WARN_64_TO_32_BIT_CONVERSION = YES;
				GCC_WARN_ABOUT_RETURN_TYPE = YES_ERROR;
				GCC_WARN_UNDECLARED_SELECTOR = YES;
				GCC_WARN_UNINITIALIZED_AUTOS = YES_AGGRESSIVE;
				GCC_WARN_UNUSED_FUNCTION = YES;
				GCC_WARN_UNUSED_VARIABLE = YES;
				IPHONEOS_DEPLOYMENT_TARGET = 9.0;
				MTL_ENABLE_DEBUG_INFO = YES;
				ONLY_ACTIVE_ARCH = YES;
				SDKROOT = iphoneos;
				SWIFT_OPTIMIZATION_LEVEL = "-Onone";
			};
			name = Debug;
		};
		607FACEE1AFB9204008FA782 /* Release */ = {
			isa = XCBuildConfiguration;
			buildSettings = {
				ALWAYS_SEARCH_USER_PATHS = NO;
				CLANG_CXX_LANGUAGE_STANDARD = "gnu++0x";
				CLANG_CXX_LIBRARY = "libc++";
				CLANG_ENABLE_MODULES = YES;
				CLANG_ENABLE_OBJC_ARC = YES;
				CLANG_WARN_BOOL_CONVERSION = YES;
				CLANG_WARN_CONSTANT_CONVERSION = YES;
				CLANG_WARN_DIRECT_OBJC_ISA_USAGE = YES_ERROR;
				CLANG_WARN_EMPTY_BODY = YES;
				CLANG_WARN_ENUM_CONVERSION = YES;
				CLANG_WARN_INT_CONVERSION = YES;
				CLANG_WARN_OBJC_ROOT_CLASS = YES_ERROR;
				CLANG_WARN_UNREACHABLE_CODE = YES;
				CLANG_WARN__DUPLICATE_METHOD_MATCH = YES;
				"CODE_SIGN_IDENTITY[sdk=iphoneos*]" = "iPhone Developer";
				COPY_PHASE_STRIP = NO;
				DEBUG_INFORMATION_FORMAT = "dwarf-with-dsym";
				ENABLE_NS_ASSERTIONS = NO;
				ENABLE_STRICT_OBJC_MSGSEND = YES;
				GCC_C_LANGUAGE_STANDARD = gnu99;
				GCC_NO_COMMON_BLOCKS = YES;
				GCC_WARN_64_TO_32_BIT_CONVERSION = YES;
				GCC_WARN_ABOUT_RETURN_TYPE = YES_ERROR;
				GCC_WARN_UNDECLARED_SELECTOR = YES;
				GCC_WARN_UNINITIALIZED_AUTOS = YES_AGGRESSIVE;
				GCC_WARN_UNUSED_FUNCTION = YES;
				GCC_WARN_UNUSED_VARIABLE = YES;
				IPHONEOS_DEPLOYMENT_TARGET = 9.0;
				MTL_ENABLE_DEBUG_INFO = NO;
				SDKROOT = iphoneos;
				VALIDATE_PRODUCT = YES;
			};
			name = Release;
		};
		607FACF01AFB9204008FA782 /* Debug */ = {
			isa = XCBuildConfiguration;
			baseConfigurationReference = 8AFD75A6FAED2BBFE06347E1 /* Pods-SwiftySoundRecorder_Example.debug.xcconfig */;
			buildSettings = {
				ASSETCATALOG_COMPILER_APPICON_NAME = AppIcon;
				INFOPLIST_FILE = SwiftySoundRecorder/Info.plist;
				LD_RUNPATH_SEARCH_PATHS = "$(inherited) @executable_path/Frameworks";
				MODULE_NAME = ExampleApp;
				PRODUCT_BUNDLE_IDENTIFIER = "org.cocoapods.demo.$(PRODUCT_NAME:rfc1034identifier)";
				PRODUCT_NAME = "$(TARGET_NAME)";
			};
			name = Debug;
		};
		607FACF11AFB9204008FA782 /* Release */ = {
			isa = XCBuildConfiguration;
			baseConfigurationReference = C9FEAE327282A3B8E9ADDB82 /* Pods-SwiftySoundRecorder_Example.release.xcconfig */;
			buildSettings = {
				ASSETCATALOG_COMPILER_APPICON_NAME = AppIcon;
				INFOPLIST_FILE = SwiftySoundRecorder/Info.plist;
				LD_RUNPATH_SEARCH_PATHS = "$(inherited) @executable_path/Frameworks";
				MODULE_NAME = ExampleApp;
				PRODUCT_BUNDLE_IDENTIFIER = "org.cocoapods.demo.$(PRODUCT_NAME:rfc1034identifier)";
				PRODUCT_NAME = "$(TARGET_NAME)";
			};
			name = Release;
		};
		607FACF31AFB9204008FA782 /* Debug */ = {
			isa = XCBuildConfiguration;
			baseConfigurationReference = ACEE1B1F08B6F782756AF299 /* Pods-SwiftySoundRecorder_Tests.debug.xcconfig */;
			buildSettings = {
				FRAMEWORK_SEARCH_PATHS = (
					"$(SDKROOT)/Developer/Library/Frameworks",
					"$(inherited)",
				);
				GCC_PREPROCESSOR_DEFINITIONS = (
					"DEBUG=1",
					"$(inherited)",
				);
				INFOPLIST_FILE = Tests/Info.plist;
				LD_RUNPATH_SEARCH_PATHS = "$(inherited) @executable_path/Frameworks @loader_path/Frameworks";
				PRODUCT_BUNDLE_IDENTIFIER = "org.cocoapods.$(PRODUCT_NAME:rfc1034identifier)";
				PRODUCT_NAME = "$(TARGET_NAME)";
			};
			name = Debug;
		};
		607FACF41AFB9204008FA782 /* Release */ = {
			isa = XCBuildConfiguration;
			baseConfigurationReference = 3D3AB084FB34475B1BF3E98C /* Pods-SwiftySoundRecorder_Tests.release.xcconfig */;
			buildSettings = {
				FRAMEWORK_SEARCH_PATHS = (
					"$(SDKROOT)/Developer/Library/Frameworks",
					"$(inherited)",
				);
				INFOPLIST_FILE = Tests/Info.plist;
				LD_RUNPATH_SEARCH_PATHS = "$(inherited) @executable_path/Frameworks @loader_path/Frameworks";
				PRODUCT_BUNDLE_IDENTIFIER = "org.cocoapods.$(PRODUCT_NAME:rfc1034identifier)";
				PRODUCT_NAME = "$(TARGET_NAME)";
			};
			name = Release;
		};
/* End XCBuildConfiguration section */

/* Begin XCConfigurationList section */
		607FACCB1AFB9204008FA782 /* Build configuration list for PBXProject "SwiftySoundRecorder" */ = {
			isa = XCConfigurationList;
			buildConfigurations = (
				607FACED1AFB9204008FA782 /* Debug */,
				607FACEE1AFB9204008FA782 /* Release */,
			);
			defaultConfigurationIsVisible = 0;
			defaultConfigurationName = Release;
		};
		607FACEF1AFB9204008FA782 /* Build configuration list for PBXNativeTarget "SwiftySoundRecorder_Example" */ = {
			isa = XCConfigurationList;
			buildConfigurations = (
				607FACF01AFB9204008FA782 /* Debug */,
				607FACF11AFB9204008FA782 /* Release */,
			);
			defaultConfigurationIsVisible = 0;
			defaultConfigurationName = Release;
		};
		607FACF21AFB9204008FA782 /* Build configuration list for PBXNativeTarget "SwiftySoundRecorder_Tests" */ = {
			isa = XCConfigurationList;
			buildConfigurations = (
				607FACF31AFB9204008FA782 /* Debug */,
				607FACF41AFB9204008FA782 /* Release */,
			);
			defaultConfigurationIsVisible = 0;
			defaultConfigurationName = Release;
		};
/* End XCConfigurationList section */
	};
	rootObject = 607FACC81AFB9204008FA782 /* Project object */;
}
